// !$*UTF8*$!
{
	archiveVersion = 1;
	classes = {
	};
	objectVersion = 56;
	objects = {

/* Begin PBXBuildFile section */
		1945B6CA2A17F01900CE4843 /* AppDelegate.swift in Sources */ = {isa = PBXBuildFile; fileRef = 1945B6C92A17F01900CE4843 /* AppDelegate.swift */; };
		1945B6CC2A17F01900CE4843 /* SceneDelegate.swift in Sources */ = {isa = PBXBuildFile; fileRef = 1945B6CB2A17F01900CE4843 /* SceneDelegate.swift */; };
		1945B6CE2A17F01900CE4843 /* ViewController.swift in Sources */ = {isa = PBXBuildFile; fileRef = 1945B6CD2A17F01900CE4843 /* ViewController.swift */; };
		1945B6D12A17F01900CE4843 /* Main.storyboard in Resources */ = {isa = PBXBuildFile; fileRef = 1945B6CF2A17F01900CE4843 /* Main.storyboard */; };
		1945B6D42A17F01900CE4843 /* MemoMeow.xcdatamodeld in Sources */ = {isa = PBXBuildFile; fileRef = 1945B6D22A17F01900CE4843 /* MemoMeow.xcdatamodeld */; };
		1945B6D62A17F01B00CE4843 /* Assets.xcassets in Resources */ = {isa = PBXBuildFile; fileRef = 1945B6D52A17F01B00CE4843 /* Assets.xcassets */; };
		1945B6D92A17F01B00CE4843 /* LaunchScreen.storyboard in Resources */ = {isa = PBXBuildFile; fileRef = 1945B6D72A17F01B00CE4843 /* LaunchScreen.storyboard */; };
/* End PBXBuildFile section */

/* Begin PBXFileReference section */
		1945B6C62A17F01900CE4843 /* MemoMeow.app */ = {isa = PBXFileReference; explicitFileType = wrapper.application; includeInIndex = 0; path = MemoMeow.app; sourceTree = BUILT_PRODUCTS_DIR; };
		1945B6C92A17F01900CE4843 /* AppDelegate.swift */ = {isa = PBXFileReference; lastKnownFileType = sourcecode.swift; path = AppDelegate.swift; sourceTree = "<group>"; };
		1945B6CB2A17F01900CE4843 /* SceneDelegate.swift */ = {isa = PBXFileReference; lastKnownFileType = sourcecode.swift; path = SceneDelegate.swift; sourceTree = "<group>"; };
		1945B6CD2A17F01900CE4843 /* ViewController.swift */ = {isa = PBXFileReference; lastKnownFileType = sourcecode.swift; path = ViewController.swift; sourceTree = "<group>"; };
		1945B6D02A17F01900CE4843 /* Base */ = {isa = PBXFileReference; lastKnownFileType = file.storyboard; name = Base; path = Base.lproj/Main.storyboard; sourceTree = "<group>"; };
		1945B6D32A17F01900CE4843 /* MemoMeow.xcdatamodel */ = {isa = PBXFileReference; lastKnownFileType = wrapper.xcdatamodel; path = MemoMeow.xcdatamodel; sourceTree = "<group>"; };
		1945B6D52A17F01B00CE4843 /* Assets.xcassets */ = {isa = PBXFileReference; lastKnownFileType = folder.assetcatalog; path = Assets.xcassets; sourceTree = "<group>"; };
		1945B6D82A17F01B00CE4843 /* Base */ = {isa = PBXFileReference; lastKnownFileType = file.storyboard; name = Base; path = Base.lproj/LaunchScreen.storyboard; sourceTree = "<group>"; };
		1945B6DA2A17F01B00CE4843 /* Info.plist */ = {isa = PBXFileReference; lastKnownFileType = text.plist.xml; path = Info.plist; sourceTree = "<group>"; };
/* End PBXFileReference section */

/* Begin PBXFrameworksBuildPhase section */
		1945B6C32A17F01900CE4843 /* Frameworks */ = {
			isa = PBXFrameworksBuildPhase;
			buildActionMask = 2147483647;
			files = (
			);
			runOnlyForDeploymentPostprocessing = 0;
		};
/* End PBXFrameworksBuildPhase section */

/* Begin PBXGroup section */
		1945B6BD2A17F01800CE4843 = {
			isa = PBXGroup;
			children = (
				1945B6C82A17F01900CE4843 /* MemoMeow */,
				1945B6C72A17F01900CE4843 /* Products */,
			);
			sourceTree = "<group>";
		};
		1945B6C72A17F01900CE4843 /* Products */ = {
			isa = PBXGroup;
			children = (
				1945B6C62A17F01900CE4843 /* MemoMeow.app */,
			);
			name = Products;
			sourceTree = "<group>";
		};
		1945B6C82A17F01900CE4843 /* MemoMeow */ = {
			isa = PBXGroup;
			children = (
				1945B6E12A17F1E800CE4843 /* Graphical */,
				1945B6E02A17F1DF00CE4843 /* Supporting */,
				1945B6CD2A17F01900CE4843 /* ViewController.swift */,
				1945B6CF2A17F01900CE4843 /* Main.storyboard */,
				1945B6DA2A17F01B00CE4843 /* Info.plist */,
			);
			path = MemoMeow;
			sourceTree = "<group>";
		};
		1945B6E02A17F1DF00CE4843 /* Supporting */ = {
			isa = PBXGroup;
			children = (
				1945B6CB2A17F01900CE4843 /* SceneDelegate.swift */,
				1945B6C92A17F01900CE4843 /* AppDelegate.swift */,
				1945B6D22A17F01900CE4843 /* MemoMeow.xcdatamodeld */,
			);
			path = Supporting;
			sourceTree = "<group>";
		};
		1945B6E12A17F1E800CE4843 /* Graphical */ = {
			isa = PBXGroup;
			children = (
				1945B6D52A17F01B00CE4843 /* Assets.xcassets */,
				1945B6D72A17F01B00CE4843 /* LaunchScreen.storyboard */,
			);
			path = Graphical;
			sourceTree = "<group>";
		};
/* End PBXGroup section */

/* Begin PBXNativeTarget section */
		1945B6C52A17F01900CE4843 /* MemoMeow */ = {
			isa = PBXNativeTarget;
			buildConfigurationList = 1945B6DD2A17F01B00CE4843 /* Build configuration list for PBXNativeTarget "MemoMeow" */;
			buildPhases = (
				1945B6C22A17F01900CE4843 /* Sources */,
				1945B6C32A17F01900CE4843 /* Frameworks */,
				1945B6C42A17F01900CE4843 /* Resources */,
			);
			buildRules = (
			);
			dependencies = (
			);
			name = MemoMeow;
			productName = MemoMeow;
			productReference = 1945B6C62A17F01900CE4843 /* MemoMeow.app */;
			productType = "com.apple.product-type.application";
		};
/* End PBXNativeTarget section */

/* Begin PBXProject section */
		1945B6BE2A17F01800CE4843 /* Project object */ = {
			isa = PBXProject;
			attributes = {
				BuildIndependentTargetsInParallel = 1;
				LastSwiftUpdateCheck = 1420;
				LastUpgradeCheck = 1420;
				TargetAttributes = {
					1945B6C52A17F01900CE4843 = {
						CreatedOnToolsVersion = 14.2;
					};
				};
			};
			buildConfigurationList = 1945B6C12A17F01800CE4843 /* Build configuration list for PBXProject "MemoMeow" */;
			compatibilityVersion = "Xcode 14.0";
			developmentRegion = en;
			hasScannedForEncodings = 0;
			knownRegions = (
				en,
				Base,
			);
			mainGroup = 1945B6BD2A17F01800CE4843;
			productRefGroup = 1945B6C72A17F01900CE4843 /* Products */;
			projectDirPath = "";
			projectRoot = "";
			targets = (
				1945B6C52A17F01900CE4843 /* MemoMeow */,
			);
		};
/* End PBXProject section */

/* Begin PBXResourcesBuildPhase section */
		1945B6C42A17F01900CE4843 /* Resources */ = {
			isa = PBXResourcesBuildPhase;
			buildActionMask = 2147483647;
			files = (
				1945B6D92A17F01B00CE4843 /* LaunchScreen.storyboard in Resources */,
				1945B6D62A17F01B00CE4843 /* Assets.xcassets in Resources */,
				1945B6D12A17F01900CE4843 /* Main.storyboard in Resources */,
			);
			runOnlyForDeploymentPostprocessing = 0;
		};
/* End PBXResourcesBuildPhase section */

/* Begin PBXSourcesBuildPhase section */
		1945B6C22A17F01900CE4843 /* Sources */ = {
			isa = PBXSourcesBuildPhase;
			buildActionMask = 2147483647;
			files = (
				1945B6CE2A17F01900CE4843 /* ViewController.swift in Sources */,
				1945B6CA2A17F01900CE4843 /* AppDelegate.swift in Sources */,
				1945B6CC2A17F01900CE4843 /* SceneDelegate.swift in Sources */,
				1945B6D42A17F01900CE4843 /* MemoMeow.xcdatamodeld in Sources */,
			);
			runOnlyForDeploymentPostprocessing = 0;
		};
/* End PBXSourcesBuildPhase section */

/* Begin PBXVariantGroup section */
		1945B6CF2A17F01900CE4843 /* Main.storyboard */ = {
			isa = PBXVariantGroup;
			children = (
				1945B6D02A17F01900CE4843 /* Base */,
			);
			name = Main.storyboard;
			sourceTree = "<group>";
		};
		1945B6D72A17F01B00CE4843 /* LaunchScreen.storyboard */ = {
			isa = PBXVariantGroup;
			children = (
				1945B6D82A17F01B00CE4843 /* Base */,
			);
			name = LaunchScreen.storyboard;
			sourceTree = "<group>";
		};
/* End PBXVariantGroup section */

/* Begin XCBuildConfiguration section */
		1945B6DB2A17F01B00CE4843 /* Debug */ = {
			isa = XCBuildConfiguration;
			buildSettings = {
				ALWAYS_SEARCH_USER_PATHS = NO;
				CLANG_ANALYZER_NONNULL = YES;
				CLANG_ANALYZER_NUMBER_OBJECT_CONVERSION = YES_AGGRESSIVE;
				CLANG_CXX_LANGUAGE_STANDARD = "gnu++20";
				CLANG_ENABLE_MODULES = YES;
				CLANG_ENABLE_OBJC_ARC = YES;
				CLANG_ENABLE_OBJC_WEAK = YES;
				CLANG_WARN_BLOCK_CAPTURE_AUTORELEASING = YES;
				CLANG_WARN_BOOL_CONVERSION = YES;
				CLANG_WARN_COMMA = YES;
				CLANG_WARN_CONSTANT_CONVERSION = YES;
				CLANG_WARN_DEPRECATED_OBJC_IMPLEMENTATIONS = YES;
				CLANG_WARN_DIRECT_OBJC_ISA_USAGE = YES_ERROR;
				CLANG_WARN_DOCUMENTATION_COMMENTS = YES;
				CLANG_WARN_EMPTY_BODY = YES;
				CLANG_WARN_ENUM_CONVERSION = YES;
				CLANG_WARN_INFINITE_RECURSION = YES;
				CLANG_WARN_INT_CONVERSION = YES;
				CLANG_WARN_NON_LITERAL_NULL_CONVERSION = YES;
				CLANG_WARN_OBJC_IMPLICIT_RETAIN_SELF = YES;
				CLANG_WARN_OBJC_LITERAL_CONVERSION = YES;
				CLANG_WARN_OBJC_ROOT_CLASS = YES_ERROR;
				CLANG_WARN_QUOTED_INCLUDE_IN_FRAMEWORK_HEADER = YES;
				CLANG_WARN_RANGE_LOOP_ANALYSIS = YES;
				CLANG_WARN_STRICT_PROTOTYPES = YES;
				CLANG_WARN_SUSPICIOUS_MOVE = YES;
				CLANG_WARN_UNGUARDED_AVAILABILITY = YES_AGGRESSIVE;
				CLANG_WARN_UNREACHABLE_CODE = YES;
				CLANG_WARN__DUPLICATE_METHOD_MATCH = YES;
				COPY_PHASE_STRIP = NO;
				DEBUG_INFORMATION_FORMAT = dwarf;
				ENABLE_STRICT_OBJC_MSGSEND = YES;
				ENABLE_TESTABILITY = YES;
				GCC_C_LANGUAGE_STANDARD = gnu11;
				GCC_DYNAMIC_NO_PIC = NO;
				GCC_NO_COMMON_BLOCKS = YES;
				GCC_OPTIMIZATION_LEVEL = 0;
				GCC_PREPROCESSOR_DEFINITIONS = (
					"DEBUG=1",
					"$(inherited)",
				);
				GCC_WARN_64_TO_32_BIT_CONVERSION = YES;
				GCC_WARN_ABOUT_RETURN_TYPE = YES_ERROR;
				GCC_WARN_UNDECLARED_SELECTOR = YES;
				GCC_WARN_UNINITIALIZED_AUTOS = YES_AGGRESSIVE;
				GCC_WARN_UNUSED_FUNCTION = YES;
				GCC_WARN_UNUSED_VARIABLE = YES;
				IPHONEOS_DEPLOYMENT_TARGET = 16.2;
				MTL_ENABLE_DEBUG_INFO = INCLUDE_SOURCE;
				MTL_FAST_MATH = YES;
				ONLY_ACTIVE_ARCH = YES;
				SDKROOT = iphoneos;
				SWIFT_ACTIVE_COMPILATION_CONDITIONS = DEBUG;
				SWIFT_OPTIMIZATION_LEVEL = "-Onone";
			};
			name = Debug;
		};
		1945B6DC2A17F01B00CE4843 /* Release */ = {
			isa = XCBuildConfiguration;
			buildSettings = {
				ALWAYS_SEARCH_USER_PATHS = NO;
				CLANG_ANALYZER_NONNULL = YES;
				CLANG_ANALYZER_NUMBER_OBJECT_CONVERSION = YES_AGGRESSIVE;
				CLANG_CXX_LANGUAGE_STANDARD = "gnu++20";
				CLANG_ENABLE_MODULES = YES;
				CLANG_ENABLE_OBJC_ARC = YES;
				CLANG_ENABLE_OBJC_WEAK = YES;
				CLANG_WARN_BLOCK_CAPTURE_AUTORELEASING = YES;
				CLANG_WARN_BOOL_CONVERSION = YES;
				CLANG_WARN_COMMA = YES;
				CLANG_WARN_CONSTANT_CONVERSION = YES;
				CLANG_WARN_DEPRECATED_OBJC_IMPLEMENTATIONS = YES;
				CLANG_WARN_DIRECT_OBJC_ISA_USAGE = YES_ERROR;
				CLANG_WARN_DOCUMENTATION_COMMENTS = YES;
				CLANG_WARN_EMPTY_BODY = YES;
				CLANG_WARN_ENUM_CONVERSION = YES;
				CLANG_WARN_INFINITE_RECURSION = YES;
				CLANG_WARN_INT_CONVERSION = YES;
				CLANG_WARN_NON_LITERAL_NULL_CONVERSION = YES;
				CLANG_WARN_OBJC_IMPLICIT_RETAIN_SELF = YES;
				CLANG_WARN_OBJC_LITERAL_CONVERSION = YES;
				CLANG_WARN_OBJC_ROOT_CLASS = YES_ERROR;
				CLANG_WARN_QUOTED_INCLUDE_IN_FRAMEWORK_HEADER = YES;
				CLANG_WARN_RANGE_LOOP_ANALYSIS = YES;
				CLANG_WARN_STRICT_PROTOTYPES = YES;
				CLANG_WARN_SUSPICIOUS_MOVE = YES;
				CLANG_WARN_UNGUARDED_AVAILABILITY = YES_AGGRESSIVE;
				CLANG_WARN_UNREACHABLE_CODE = YES;
				CLANG_WARN__DUPLICATE_METHOD_MATCH = YES;
				COPY_PHASE_STRIP = NO;
				DEBUG_INFORMATION_FORMAT = "dwarf-with-dsym";
				ENABLE_NS_ASSERTIONS = NO;
				ENABLE_STRICT_OBJC_MSGSEND = YES;
				GCC_C_LANGUAGE_STANDARD = gnu11;
				GCC_NO_COMMON_BLOCKS = YES;
				GCC_WARN_64_TO_32_BIT_CONVERSION = YES;
				GCC_WARN_ABOUT_RETURN_TYPE = YES_ERROR;
				GCC_WARN_UNDECLARED_SELECTOR = YES;
				GCC_WARN_UNINITIALIZED_AUTOS = YES_AGGRESSIVE;
				GCC_WARN_UNUSED_FUNCTION = YES;
				GCC_WARN_UNUSED_VARIABLE = YES;
				IPHONEOS_DEPLOYMENT_TARGET = 16.2;
				MTL_ENABLE_DEBUG_INFO = NO;
				MTL_FAST_MATH = YES;
				SDKROOT = iphoneos;
				SWIFT_COMPILATION_MODE = wholemodule;
				SWIFT_OPTIMIZATION_LEVEL = "-O";
				VALIDATE_PRODUCT = YES;
			};
			name = Release;
		};
		1945B6DE2A17F01B00CE4843 /* Debug */ = {
			isa = XCBuildConfiguration;
			buildSettings = {
				ASSETCATALOG_COMPILER_APPICON_NAME = AppIcon;
				ASSETCATALOG_COMPILER_GLOBAL_ACCENT_COLOR_NAME = AccentColor;
				CODE_SIGN_STYLE = Automatic;
				CURRENT_PROJECT_VERSION = 1;
				DEVELOPMENT_TEAM = FD2GDQ7A69;
				GENERATE_INFOPLIST_FILE = YES;
				INFOPLIST_FILE = MemoMeow/Info.plist;
				INFOPLIST_KEY_UIApplicationSupportsIndirectInputEvents = YES;
				INFOPLIST_KEY_UILaunchStoryboardName = LaunchScreen;
				INFOPLIST_KEY_UIMainStoryboardFile = Main;
				INFOPLIST_KEY_UISupportedInterfaceOrientations_iPad = "UIInterfaceOrientationPortrait UIInterfaceOrientationPortraitUpsideDown UIInterfaceOrientationLandscapeLeft UIInterfaceOrientationLandscapeRight";
				INFOPLIST_KEY_UISupportedInterfaceOrientations_iPhone = "UIInterfaceOrientationPortrait UIInterfaceOrientationLandscapeLeft UIInterfaceOrientationLandscapeRight";
				LD_RUNPATH_SEARCH_PATHS = (
					"$(inherited)",
					"@executable_path/Frameworks",
				);
				MARKETING_VERSION = 1.0;
				PRODUCT_BUNDLE_IDENTIFIER = com.dariyacode.MemoMeow;
				PRODUCT_NAME = "$(TARGET_NAME)";
				SWIFT_EMIT_LOC_STRINGS = YES;
				SWIFT_VERSION = 5.0;
				TARGETED_DEVICE_FAMILY = "1,2";
			};
			name = Debug;
		};
		1945B6DF2A17F01B00CE4843 /* Release */ = {
			isa = XCBuildConfiguration;
			buildSettings = {
				ASSETCATALOG_COMPILER_APPICON_NAME = AppIcon;
				ASSETCATALOG_COMPILER_GLOBAL_ACCENT_COLOR_NAME = AccentColor;
				CODE_SIGN_STYLE = Automatic;
				CURRENT_PROJECT_VERSION = 1;
				DEVELOPMENT_TEAM = FD2GDQ7A69;
				GENERATE_INFOPLIST_FILE = YES;
				INFOPLIST_FILE = MemoMeow/Info.plist;
				INFOPLIST_KEY_UIApplicationSupportsIndirectInputEvents = YES;
				INFOPLIST_KEY_UILaunchStoryboardName = LaunchScreen;
				INFOPLIST_KEY_UIMainStoryboardFile = Main;
				INFOPLIST_KEY_UISupportedInterfaceOrientations_iPad = "UIInterfaceOrientationPortrait UIInterfaceOrientationPortraitUpsideDown UIInterfaceOrientationLandscapeLeft UIInterfaceOrientationLandscapeRight";
				INFOPLIST_KEY_UISupportedInterfaceOrientations_iPhone = "UIInterfaceOrientationPortrait UIInterfaceOrientationLandscapeLeft UIInterfaceOrientationLandscapeRight";
				LD_RUNPATH_SEARCH_PATHS = (
					"$(inherited)",
					"@executable_path/Frameworks",
				);
				MARKETING_VERSION = 1.0;
				PRODUCT_BUNDLE_IDENTIFIER = com.dariyacode.MemoMeow;
				PRODUCT_NAME = "$(TARGET_NAME)";
				SWIFT_EMIT_LOC_STRINGS = YES;
				SWIFT_VERSION = 5.0;
				TARGETED_DEVICE_FAMILY = "1,2";
			};
			name = Release;
		};
/* End XCBuildConfiguration section */

/* Begin XCConfigurationList section */
		1945B6C12A17F01800CE4843 /* Build configuration list for PBXProject "MemoMeow" */ = {
			isa = XCConfigurationList;
			buildConfigurations = (
				1945B6DB2A17F01B00CE4843 /* Debug */,
				1945B6DC2A17F01B00CE4843 /* Release */,
			);
			defaultConfigurationIsVisible = 0;
			defaultConfigurationName = Release;
		};
		1945B6DD2A17F01B00CE4843 /* Build configuration list for PBXNativeTarget "MemoMeow" */ = {
			isa = XCConfigurationList;
			buildConfigurations = (
				1945B6DE2A17F01B00CE4843 /* Debug */,
				1945B6DF2A17F01B00CE4843 /* Release */,
			);
			defaultConfigurationIsVisible = 0;
			defaultConfigurationName = Release;
		};
/* End XCConfigurationList section */

/* Begin XCVersionGroup section */
		1945B6D22A17F01900CE4843 /* MemoMeow.xcdatamodeld */ = {
			isa = XCVersionGroup;
			children = (
				1945B6D32A17F01900CE4843 /* MemoMeow.xcdatamodel */,
			);
			currentVersion = 1945B6D32A17F01900CE4843 /* MemoMeow.xcdatamodel */;
			path = MemoMeow.xcdatamodeld;
			sourceTree = "<group>";
			versionGroupType = wrapper.xcdatamodel;
		};
/* End XCVersionGroup section */
	};
	rootObject = 1945B6BE2A17F01800CE4843 /* Project object */;
}
